// !$*UTF8*$!
{
	archiveVersion = 1;
	classes = {
	};
	objectVersion = 55;
	objects = {

/* Begin PBXBuildFile section */
		9B3B2AA627C81EF1008C6652 /* UserModel.swift in Sources */ = {isa = PBXBuildFile; fileRef = 9B3B2AA527C81EF1008C6652 /* UserModel.swift */; };
		9B3B2AA927C91E18008C6652 /* NetworkManager.swift in Sources */ = {isa = PBXBuildFile; fileRef = 9B3B2AA827C91E18008C6652 /* NetworkManager.swift */; };
		9B3B2AAB27C92009008C6652 /* UserloginViewControllerDelegate.swift in Sources */ = {isa = PBXBuildFile; fileRef = 9B3B2AAA27C92009008C6652 /* UserloginViewControllerDelegate.swift */; };
		9B47A49527D53B68007F6E4B /* UserAdminViewControllerDelegate.swift in Sources */ = {isa = PBXBuildFile; fileRef = 9B47A49427D53B68007F6E4B /* UserAdminViewControllerDelegate.swift */; };
		9B47A49827D6792C007F6E4B /* ChangePassViewController.swift in Sources */ = {isa = PBXBuildFile; fileRef = 9B47A49727D6792C007F6E4B /* ChangePassViewController.swift */; };
		9B47A49B27D680DA007F6E4B /* KeyboardDelegate.swift in Sources */ = {isa = PBXBuildFile; fileRef = 9B47A49A27D680DA007F6E4B /* KeyboardDelegate.swift */; };
		9B47A49E27D79653007F6E4B /* ShopViewController.swift in Sources */ = {isa = PBXBuildFile; fileRef = 9B47A49D27D79653007F6E4B /* ShopViewController.swift */; };
		9B47A4A027D79B23007F6E4B /* ShopVCSetupManager.swift in Sources */ = {isa = PBXBuildFile; fileRef = 9B47A49F27D79B23007F6E4B /* ShopVCSetupManager.swift */; };
		9B90B9AC27D2278F003EAB41 /* UserAdminViewController.swift in Sources */ = {isa = PBXBuildFile; fileRef = 9B90B9AB27D2278F003EAB41 /* UserAdminViewController.swift */; };
		9B90B9B127D23C60003EAB41 /* UserAdminVCSetupManager.swift in Sources */ = {isa = PBXBuildFile; fileRef = 9B90B9B027D23C60003EAB41 /* UserAdminVCSetupManager.swift */; };
		9B96BAFE27CE811A002397C4 /* UserVCSetupManager.swift in Sources */ = {isa = PBXBuildFile; fileRef = 9B96BAFD27CE811A002397C4 /* UserVCSetupManager.swift */; };
		9BB8C23327DA469300B5B0DD /* MainView.swift in Sources */ = {isa = PBXBuildFile; fileRef = 9BB8C23227DA469300B5B0DD /* MainView.swift */; };
		9BB8C23627DA46C900B5B0DD /* ShopCell.swift in Sources */ = {isa = PBXBuildFile; fileRef = 9BB8C23427DA46C900B5B0DD /* ShopCell.swift */; };
		9BB8C23727DA46C900B5B0DD /* ShopCell.xib in Resources */ = {isa = PBXBuildFile; fileRef = 9BB8C23527DA46C900B5B0DD /* ShopCell.xib */; };
		9BB8C23927DA4DAB00B5B0DD /* ShopModel.swift in Sources */ = {isa = PBXBuildFile; fileRef = 9BB8C23827DA4DAB00B5B0DD /* ShopModel.swift */; };
		9BE4709D27C3C37300E3C4B4 /* AppDelegate.swift in Sources */ = {isa = PBXBuildFile; fileRef = 9BE4709C27C3C37300E3C4B4 /* AppDelegate.swift */; };
		9BE4709F27C3C37300E3C4B4 /* SceneDelegate.swift in Sources */ = {isa = PBXBuildFile; fileRef = 9BE4709E27C3C37300E3C4B4 /* SceneDelegate.swift */; };
		9BE470A127C3C37300E3C4B4 /* UserLoginViewController.swift in Sources */ = {isa = PBXBuildFile; fileRef = 9BE470A027C3C37300E3C4B4 /* UserLoginViewController.swift */; };
		9BE470A727C3C37300E3C4B4 /* Hurry.xcdatamodeld in Sources */ = {isa = PBXBuildFile; fileRef = 9BE470A527C3C37300E3C4B4 /* Hurry.xcdatamodeld */; };
		9BE470A927C3C37500E3C4B4 /* Assets.xcassets in Resources */ = {isa = PBXBuildFile; fileRef = 9BE470A827C3C37500E3C4B4 /* Assets.xcassets */; };
		9BE470AC27C3C37500E3C4B4 /* LaunchScreen.storyboard in Resources */ = {isa = PBXBuildFile; fileRef = 9BE470AA27C3C37500E3C4B4 /* LaunchScreen.storyboard */; };
		9BE470BA27C3DE6A00E3C4B4 /* LaunchAnimationViewController.swift in Sources */ = {isa = PBXBuildFile; fileRef = 9BE470B927C3DE6A00E3C4B4 /* LaunchAnimationViewController.swift */; };
		C5524A9F5FA0FC0C6A59E882 /* Pods_Hurry.framework in Frameworks */ = {isa = PBXBuildFile; fileRef = 9BC9BDEF466EA843B3F5B0D8 /* Pods_Hurry.framework */; };
/* End PBXBuildFile section */

/* Begin PBXFileReference section */
		6054FF564772786B2E61F654 /* Pods-Hurry.release.xcconfig */ = {isa = PBXFileReference; includeInIndex = 1; lastKnownFileType = text.xcconfig; name = "Pods-Hurry.release.xcconfig"; path = "Target Support Files/Pods-Hurry/Pods-Hurry.release.xcconfig"; sourceTree = "<group>"; };
		9B3B2AA527C81EF1008C6652 /* UserModel.swift */ = {isa = PBXFileReference; lastKnownFileType = sourcecode.swift; name = UserModel.swift; path = ../../../../../../Applications/UserModel.swift; sourceTree = "<group>"; };
		9B3B2AA827C91E18008C6652 /* NetworkManager.swift */ = {isa = PBXFileReference; lastKnownFileType = sourcecode.swift; path = NetworkManager.swift; sourceTree = "<group>"; };
		9B3B2AAA27C92009008C6652 /* UserloginViewControllerDelegate.swift */ = {isa = PBXFileReference; lastKnownFileType = sourcecode.swift; path = UserloginViewControllerDelegate.swift; sourceTree = "<group>"; };
		9B47A49427D53B68007F6E4B /* UserAdminViewControllerDelegate.swift */ = {isa = PBXFileReference; lastKnownFileType = sourcecode.swift; path = UserAdminViewControllerDelegate.swift; sourceTree = "<group>"; };
		9B47A49727D6792C007F6E4B /* ChangePassViewController.swift */ = {isa = PBXFileReference; lastKnownFileType = sourcecode.swift; path = ChangePassViewController.swift; sourceTree = "<group>"; };
		9B47A49A27D680DA007F6E4B /* KeyboardDelegate.swift */ = {isa = PBXFileReference; lastKnownFileType = sourcecode.swift; path = KeyboardDelegate.swift; sourceTree = "<group>"; };
		9B47A49D27D79653007F6E4B /* ShopViewController.swift */ = {isa = PBXFileReference; lastKnownFileType = sourcecode.swift; path = ShopViewController.swift; sourceTree = "<group>"; };
		9B47A49F27D79B23007F6E4B /* ShopVCSetupManager.swift */ = {isa = PBXFileReference; lastKnownFileType = sourcecode.swift; path = ShopVCSetupManager.swift; sourceTree = "<group>"; };
		9B90B9AB27D2278F003EAB41 /* UserAdminViewController.swift */ = {isa = PBXFileReference; lastKnownFileType = sourcecode.swift; path = UserAdminViewController.swift; sourceTree = "<group>"; };
		9B90B9B027D23C60003EAB41 /* UserAdminVCSetupManager.swift */ = {isa = PBXFileReference; lastKnownFileType = sourcecode.swift; path = UserAdminVCSetupManager.swift; sourceTree = "<group>"; };
		9B96BAFD27CE811A002397C4 /* UserVCSetupManager.swift */ = {isa = PBXFileReference; lastKnownFileType = sourcecode.swift; path = UserVCSetupManager.swift; sourceTree = "<group>"; };
		9BB8C23227DA469300B5B0DD /* MainView.swift */ = {isa = PBXFileReference; lastKnownFileType = sourcecode.swift; path = MainView.swift; sourceTree = "<group>"; };
		9BB8C23427DA46C900B5B0DD /* ShopCell.swift */ = {isa = PBXFileReference; lastKnownFileType = sourcecode.swift; path = ShopCell.swift; sourceTree = "<group>"; };
		9BB8C23527DA46C900B5B0DD /* ShopCell.xib */ = {isa = PBXFileReference; lastKnownFileType = file.xib; path = ShopCell.xib; sourceTree = "<group>"; };
		9BB8C23827DA4DAB00B5B0DD /* ShopModel.swift */ = {isa = PBXFileReference; lastKnownFileType = sourcecode.swift; path = ShopModel.swift; sourceTree = "<group>"; };
		9BC9BDEF466EA843B3F5B0D8 /* Pods_Hurry.framework */ = {isa = PBXFileReference; explicitFileType = wrapper.framework; includeInIndex = 0; path = Pods_Hurry.framework; sourceTree = BUILT_PRODUCTS_DIR; };
		9BE4709927C3C37300E3C4B4 /* Hurry.app */ = {isa = PBXFileReference; explicitFileType = wrapper.application; includeInIndex = 0; path = Hurry.app; sourceTree = BUILT_PRODUCTS_DIR; };
		9BE4709C27C3C37300E3C4B4 /* AppDelegate.swift */ = {isa = PBXFileReference; lastKnownFileType = sourcecode.swift; path = AppDelegate.swift; sourceTree = "<group>"; };
		9BE4709E27C3C37300E3C4B4 /* SceneDelegate.swift */ = {isa = PBXFileReference; lastKnownFileType = sourcecode.swift; path = SceneDelegate.swift; sourceTree = "<group>"; };
		9BE470A027C3C37300E3C4B4 /* UserLoginViewController.swift */ = {isa = PBXFileReference; lastKnownFileType = sourcecode.swift; path = UserLoginViewController.swift; sourceTree = "<group>"; };
		9BE470A627C3C37300E3C4B4 /* Hurry.xcdatamodel */ = {isa = PBXFileReference; lastKnownFileType = wrapper.xcdatamodel; path = Hurry.xcdatamodel; sourceTree = "<group>"; };
		9BE470A827C3C37500E3C4B4 /* Assets.xcassets */ = {isa = PBXFileReference; lastKnownFileType = folder.assetcatalog; path = Assets.xcassets; sourceTree = "<group>"; };
		9BE470AB27C3C37500E3C4B4 /* Base */ = {isa = PBXFileReference; lastKnownFileType = file.storyboard; name = Base; path = Base.lproj/LaunchScreen.storyboard; sourceTree = "<group>"; };
		9BE470AD27C3C37500E3C4B4 /* Info.plist */ = {isa = PBXFileReference; lastKnownFileType = text.plist.xml; path = Info.plist; sourceTree = "<group>"; };
		9BE470B927C3DE6A00E3C4B4 /* LaunchAnimationViewController.swift */ = {isa = PBXFileReference; lastKnownFileType = sourcecode.swift; path = LaunchAnimationViewController.swift; sourceTree = "<group>"; };
		CBCD21A86E3101084AEE0113 /* Pods-Hurry.debug.xcconfig */ = {isa = PBXFileReference; includeInIndex = 1; lastKnownFileType = text.xcconfig; name = "Pods-Hurry.debug.xcconfig"; path = "Target Support Files/Pods-Hurry/Pods-Hurry.debug.xcconfig"; sourceTree = "<group>"; };
/* End PBXFileReference section */

/* Begin PBXFrameworksBuildPhase section */
		9BE4709627C3C37300E3C4B4 /* Frameworks */ = {
			isa = PBXFrameworksBuildPhase;
			buildActionMask = 2147483647;
			files = (
				C5524A9F5FA0FC0C6A59E882 /* Pods_Hurry.framework in Frameworks */,
			);
			runOnlyForDeploymentPostprocessing = 0;
		};
/* End PBXFrameworksBuildPhase section */

/* Begin PBXGroup section */
		37B6F8ED0D6BB79999975DCD /* Frameworks */ = {
			isa = PBXGroup;
			children = (
				9BC9BDEF466EA843B3F5B0D8 /* Pods_Hurry.framework */,
			);
			name = Frameworks;
			sourceTree = "<group>";
		};
		987471D352BC7B9E6A666F53 /* Pods */ = {
			isa = PBXGroup;
			children = (
				CBCD21A86E3101084AEE0113 /* Pods-Hurry.debug.xcconfig */,
				6054FF564772786B2E61F654 /* Pods-Hurry.release.xcconfig */,
			);
			path = Pods;
			sourceTree = "<group>";
		};
		9B3B2AA427C81ED9008C6652 /* Models */ = {
			isa = PBXGroup;
			children = (
				9B3B2AA527C81EF1008C6652 /* UserModel.swift */,
				9BB8C23827DA4DAB00B5B0DD /* ShopModel.swift */,
			);
			path = Models;
			sourceTree = "<group>";
		};
		9B3B2AA727C91E02008C6652 /* Managers */ = {
			isa = PBXGroup;
			children = (
				9B3B2AA827C91E18008C6652 /* NetworkManager.swift */,
			);
			path = Managers;
			sourceTree = "<group>";
		};
		9B47A49627D678FE007F6E4B /* ChangePasswordScene */ = {
			isa = PBXGroup;
			children = (
				9B47A49727D6792C007F6E4B /* ChangePassViewController.swift */,
			);
			path = ChangePasswordScene;
			sourceTree = "<group>";
		};
		9B47A49C27D795F1007F6E4B /* ShopScene */ = {
			isa = PBXGroup;
			children = (
				9B47A49D27D79653007F6E4B /* ShopViewController.swift */,
				9B47A49F27D79B23007F6E4B /* ShopVCSetupManager.swift */,
				9BB8C23227DA469300B5B0DD /* MainView.swift */,
				9BB8C23427DA46C900B5B0DD /* ShopCell.swift */,
				9BB8C23527DA46C900B5B0DD /* ShopCell.xib */,
			);
			path = ShopScene;
			sourceTree = "<group>";
		};
		9B90B9AD27D22799003EAB41 /* UserAdminScene */ = {
			isa = PBXGroup;
			children = (
				9B90B9AB27D2278F003EAB41 /* UserAdminViewController.swift */,
				9B90B9B027D23C60003EAB41 /* UserAdminVCSetupManager.swift */,
				9B47A49427D53B68007F6E4B /* UserAdminViewControllerDelegate.swift */,
				9B47A49A27D680DA007F6E4B /* KeyboardDelegate.swift */,
			);
			path = UserAdminScene;
			sourceTree = "<group>";
		};
		9BE4709027C3C37300E3C4B4 = {
			isa = PBXGroup;
			children = (
				9BE4709B27C3C37300E3C4B4 /* Hurry */,
				9BE4709A27C3C37300E3C4B4 /* Products */,
				987471D352BC7B9E6A666F53 /* Pods */,
				37B6F8ED0D6BB79999975DCD /* Frameworks */,
			);
			sourceTree = "<group>";
		};
		9BE4709A27C3C37300E3C4B4 /* Products */ = {
			isa = PBXGroup;
			children = (
				9BE4709927C3C37300E3C4B4 /* Hurry.app */,
			);
			name = Products;
			sourceTree = "<group>";
		};
		9BE4709B27C3C37300E3C4B4 /* Hurry */ = {
			isa = PBXGroup;
			children = (
				9BE470B627C3CFFE00E3C4B4 /* AppDelegates */,
				9B3B2AA727C91E02008C6652 /* Managers */,
				9B3B2AA427C81ED9008C6652 /* Models */,
				9BE470B527C3CFDB00E3C4B4 /* UserLoginScene */,
				9B90B9AD27D22799003EAB41 /* UserAdminScene */,
				9B47A49C27D795F1007F6E4B /* ShopScene */,
				9B47A49627D678FE007F6E4B /* ChangePasswordScene */,
				9BE470AA27C3C37500E3C4B4 /* LaunchScreen.storyboard */,
				9BE470A827C3C37500E3C4B4 /* Assets.xcassets */,
				9BE470AD27C3C37500E3C4B4 /* Info.plist */,
				9BE470A527C3C37300E3C4B4 /* Hurry.xcdatamodeld */,
			);
			path = Hurry;
			sourceTree = "<group>";
		};
		9BE470B527C3CFDB00E3C4B4 /* UserLoginScene */ = {
			isa = PBXGroup;
			children = (
				9BE470B927C3DE6A00E3C4B4 /* LaunchAnimationViewController.swift */,
				9BE470A027C3C37300E3C4B4 /* UserLoginViewController.swift */,
				9B3B2AAA27C92009008C6652 /* UserloginViewControllerDelegate.swift */,
				9B96BAFD27CE811A002397C4 /* UserVCSetupManager.swift */,
			);
			path = UserLoginScene;
			sourceTree = "<group>";
		};
		9BE470B627C3CFFE00E3C4B4 /* AppDelegates */ = {
			isa = PBXGroup;
			children = (
				9BE4709C27C3C37300E3C4B4 /* AppDelegate.swift */,
				9BE4709E27C3C37300E3C4B4 /* SceneDelegate.swift */,
			);
			path = AppDelegates;
			sourceTree = "<group>";
		};
/* End PBXGroup section */

/* Begin PBXNativeTarget section */
		9BE4709827C3C37300E3C4B4 /* Hurry */ = {
			isa = PBXNativeTarget;
			buildConfigurationList = 9BE470B027C3C37500E3C4B4 /* Build configuration list for PBXNativeTarget "Hurry" */;
			buildPhases = (
				2A31B053D0D1ADC75B91D04C /* [CP] Check Pods Manifest.lock */,
				9BE4709527C3C37300E3C4B4 /* Sources */,
				9BE4709627C3C37300E3C4B4 /* Frameworks */,
				9BE4709727C3C37300E3C4B4 /* Resources */,
				D0244DADBFEC03B1D4164BA5 /* [CP] Embed Pods Frameworks */,
			);
			buildRules = (
			);
			dependencies = (
			);
			name = Hurry;
			productName = Hurry;
			productReference = 9BE4709927C3C37300E3C4B4 /* Hurry.app */;
			productType = "com.apple.product-type.application";
		};
/* End PBXNativeTarget section */

/* Begin PBXProject section */
		9BE4709127C3C37300E3C4B4 /* Project object */ = {
			isa = PBXProject;
			attributes = {
				BuildIndependentTargetsInParallel = 1;
				LastSwiftUpdateCheck = 1320;
				LastUpgradeCheck = 1320;
				TargetAttributes = {
					9BE4709827C3C37300E3C4B4 = {
						CreatedOnToolsVersion = 13.2.1;
					};
				};
			};
			buildConfigurationList = 9BE4709427C3C37300E3C4B4 /* Build configuration list for PBXProject "Hurry" */;
			compatibilityVersion = "Xcode 13.0";
			developmentRegion = en;
			hasScannedForEncodings = 0;
			knownRegions = (
				en,
				Base,
			);
			mainGroup = 9BE4709027C3C37300E3C4B4;
			productRefGroup = 9BE4709A27C3C37300E3C4B4 /* Products */;
			projectDirPath = "";
			projectRoot = "";
			targets = (
				9BE4709827C3C37300E3C4B4 /* Hurry */,
			);
		};
/* End PBXProject section */

/* Begin PBXResourcesBuildPhase section */
		9BE4709727C3C37300E3C4B4 /* Resources */ = {
			isa = PBXResourcesBuildPhase;
			buildActionMask = 2147483647;
			files = (
				9BE470AC27C3C37500E3C4B4 /* LaunchScreen.storyboard in Resources */,
				9BE470A927C3C37500E3C4B4 /* Assets.xcassets in Resources */,
				9BB8C23727DA46C900B5B0DD /* ShopCell.xib in Resources */,
			);
			runOnlyForDeploymentPostprocessing = 0;
		};
/* End PBXResourcesBuildPhase section */

/* Begin PBXShellScriptBuildPhase section */
		2A31B053D0D1ADC75B91D04C /* [CP] Check Pods Manifest.lock */ = {
			isa = PBXShellScriptBuildPhase;
			buildActionMask = 2147483647;
			files = (
			);
			inputFileListPaths = (
			);
			inputPaths = (
				"${PODS_PODFILE_DIR_PATH}/Podfile.lock",
				"${PODS_ROOT}/Manifest.lock",
			);
			name = "[CP] Check Pods Manifest.lock";
			outputFileListPaths = (
			);
			outputPaths = (
				"$(DERIVED_FILE_DIR)/Pods-Hurry-checkManifestLockResult.txt",
			);
			runOnlyForDeploymentPostprocessing = 0;
			shellPath = /bin/sh;
			shellScript = "diff \"${PODS_PODFILE_DIR_PATH}/Podfile.lock\" \"${PODS_ROOT}/Manifest.lock\" > /dev/null\nif [ $? != 0 ] ; then\n    # print error to STDERR\n    echo \"error: The sandbox is not in sync with the Podfile.lock. Run 'pod install' or update your CocoaPods installation.\" >&2\n    exit 1\nfi\n# This output is used by Xcode 'outputs' to avoid re-running this script phase.\necho \"SUCCESS\" > \"${SCRIPT_OUTPUT_FILE_0}\"\n";
			showEnvVarsInLog = 0;
		};
		D0244DADBFEC03B1D4164BA5 /* [CP] Embed Pods Frameworks */ = {
			isa = PBXShellScriptBuildPhase;
			buildActionMask = 2147483647;
			files = (
			);
			inputFileListPaths = (
				"${PODS_ROOT}/Target Support Files/Pods-Hurry/Pods-Hurry-frameworks-${CONFIGURATION}-input-files.xcfilelist",
			);
			name = "[CP] Embed Pods Frameworks";
			outputFileListPaths = (
				"${PODS_ROOT}/Target Support Files/Pods-Hurry/Pods-Hurry-frameworks-${CONFIGURATION}-output-files.xcfilelist",
			);
			runOnlyForDeploymentPostprocessing = 0;
			shellPath = /bin/sh;
			shellScript = "\"${PODS_ROOT}/Target Support Files/Pods-Hurry/Pods-Hurry-frameworks.sh\"\n";
			showEnvVarsInLog = 0;
		};
/* End PBXShellScriptBuildPhase section */

/* Begin PBXSourcesBuildPhase section */
		9BE4709527C3C37300E3C4B4 /* Sources */ = {
			isa = PBXSourcesBuildPhase;
			buildActionMask = 2147483647;
			files = (
				9BE470A727C3C37300E3C4B4 /* Hurry.xcdatamodeld in Sources */,
				9BB8C23627DA46C900B5B0DD /* ShopCell.swift in Sources */,
				9BE470A127C3C37300E3C4B4 /* UserLoginViewController.swift in Sources */,
				9B47A4A027D79B23007F6E4B /* ShopVCSetupManager.swift in Sources */,
				9B47A49E27D79653007F6E4B /* ShopViewController.swift in Sources */,
				9B47A49827D6792C007F6E4B /* ChangePassViewController.swift in Sources */,
				9B96BAFE27CE811A002397C4 /* UserVCSetupManager.swift in Sources */,
				9BE4709D27C3C37300E3C4B4 /* AppDelegate.swift in Sources */,
				9B3B2AA927C91E18008C6652 /* NetworkManager.swift in Sources */,
				9B90B9AC27D2278F003EAB41 /* UserAdminViewController.swift in Sources */,
				9BE470BA27C3DE6A00E3C4B4 /* LaunchAnimationViewController.swift in Sources */,
				9B47A49B27D680DA007F6E4B /* KeyboardDelegate.swift in Sources */,
				9BB8C23327DA469300B5B0DD /* MainView.swift in Sources */,
				9BB8C23927DA4DAB00B5B0DD /* ShopModel.swift in Sources */,
				9B3B2AA627C81EF1008C6652 /* UserModel.swift in Sources */,
				9B3B2AAB27C92009008C6652 /* UserloginViewControllerDelegate.swift in Sources */,
				9B90B9B127D23C60003EAB41 /* UserAdminVCSetupManager.swift in Sources */,
				9B47A49527D53B68007F6E4B /* UserAdminViewControllerDelegate.swift in Sources */,
				9BE4709F27C3C37300E3C4B4 /* SceneDelegate.swift in Sources */,
			);
			runOnlyForDeploymentPostprocessing = 0;
		};
/* End PBXSourcesBuildPhase section */

/* Begin PBXVariantGroup section */
		9BE470AA27C3C37500E3C4B4 /* LaunchScreen.storyboard */ = {
			isa = PBXVariantGroup;
			children = (
				9BE470AB27C3C37500E3C4B4 /* Base */,
			);
			name = LaunchScreen.storyboard;
			sourceTree = "<group>";
		};
/* End PBXVariantGroup section */

/* Begin XCBuildConfiguration section */
		9BE470AE27C3C37500E3C4B4 /* Debug */ = {
			isa = XCBuildConfiguration;
			buildSettings = {
				ALWAYS_SEARCH_USER_PATHS = NO;
				CLANG_ANALYZER_NONNULL = YES;
				CLANG_ANALYZER_NUMBER_OBJECT_CONVERSION = YES_AGGRESSIVE;
				CLANG_CXX_LANGUAGE_STANDARD = "gnu++17";
				CLANG_CXX_LIBRARY = "libc++";
				CLANG_ENABLE_MODULES = YES;
				CLANG_ENABLE_OBJC_ARC = YES;
				CLANG_ENABLE_OBJC_WEAK = YES;
				CLANG_WARN_BLOCK_CAPTURE_AUTORELEASING = YES;
				CLANG_WARN_BOOL_CONVERSION = YES;
				CLANG_WARN_COMMA = YES;
				CLANG_WARN_CONSTANT_CONVERSION = YES;
				CLANG_WARN_DEPRECATED_OBJC_IMPLEMENTATIONS = YES;
				CLANG_WARN_DIRECT_OBJC_ISA_USAGE = YES_ERROR;
				CLANG_WARN_DOCUMENTATION_COMMENTS = YES;
				CLANG_WARN_EMPTY_BODY = YES;
				CLANG_WARN_ENUM_CONVERSION = YES;
				CLANG_WARN_INFINITE_RECURSION = YES;
				CLANG_WARN_INT_CONVERSION = YES;
				CLANG_WARN_NON_LITERAL_NULL_CONVERSION = YES;
				CLANG_WARN_OBJC_IMPLICIT_RETAIN_SELF = YES;
				CLANG_WARN_OBJC_LITERAL_CONVERSION = YES;
				CLANG_WARN_OBJC_ROOT_CLASS = YES_ERROR;
				CLANG_WARN_QUOTED_INCLUDE_IN_FRAMEWORK_HEADER = YES;
				CLANG_WARN_RANGE_LOOP_ANALYSIS = YES;
				CLANG_WARN_STRICT_PROTOTYPES = YES;
				CLANG_WARN_SUSPICIOUS_MOVE = YES;
				CLANG_WARN_UNGUARDED_AVAILABILITY = YES_AGGRESSIVE;
				CLANG_WARN_UNREACHABLE_CODE = YES;
				CLANG_WARN__DUPLICATE_METHOD_MATCH = YES;
				COPY_PHASE_STRIP = NO;
				DEBUG_INFORMATION_FORMAT = dwarf;
				ENABLE_STRICT_OBJC_MSGSEND = YES;
				ENABLE_TESTABILITY = YES;
				GCC_C_LANGUAGE_STANDARD = gnu11;
				GCC_DYNAMIC_NO_PIC = NO;
				GCC_NO_COMMON_BLOCKS = YES;
				GCC_OPTIMIZATION_LEVEL = 0;
				GCC_PREPROCESSOR_DEFINITIONS = (
					"DEBUG=1",
					"$(inherited)",
				);
				GCC_WARN_64_TO_32_BIT_CONVERSION = YES;
				GCC_WARN_ABOUT_RETURN_TYPE = YES_ERROR;
				GCC_WARN_UNDECLARED_SELECTOR = YES;
				GCC_WARN_UNINITIALIZED_AUTOS = YES_AGGRESSIVE;
				GCC_WARN_UNUSED_FUNCTION = YES;
				GCC_WARN_UNUSED_VARIABLE = YES;
				IPHONEOS_DEPLOYMENT_TARGET = 15.2;
				MTL_ENABLE_DEBUG_INFO = INCLUDE_SOURCE;
				MTL_FAST_MATH = YES;
				ONLY_ACTIVE_ARCH = YES;
				SDKROOT = iphoneos;
				SWIFT_ACTIVE_COMPILATION_CONDITIONS = DEBUG;
				SWIFT_OPTIMIZATION_LEVEL = "-Onone";
			};
			name = Debug;
		};
		9BE470AF27C3C37500E3C4B4 /* Release */ = {
			isa = XCBuildConfiguration;
			buildSettings = {
				ALWAYS_SEARCH_USER_PATHS = NO;
				CLANG_ANALYZER_NONNULL = YES;
				CLANG_ANALYZER_NUMBER_OBJECT_CONVERSION = YES_AGGRESSIVE;
				CLANG_CXX_LANGUAGE_STANDARD = "gnu++17";
				CLANG_CXX_LIBRARY = "libc++";
				CLANG_ENABLE_MODULES = YES;
				CLANG_ENABLE_OBJC_ARC = YES;
				CLANG_ENABLE_OBJC_WEAK = YES;
				CLANG_WARN_BLOCK_CAPTURE_AUTORELEASING = YES;
				CLANG_WARN_BOOL_CONVERSION = YES;
				CLANG_WARN_COMMA = YES;
				CLANG_WARN_CONSTANT_CONVERSION = YES;
				CLANG_WARN_DEPRECATED_OBJC_IMPLEMENTATIONS = YES;
				CLANG_WARN_DIRECT_OBJC_ISA_USAGE = YES_ERROR;
				CLANG_WARN_DOCUMENTATION_COMMENTS = YES;
				CLANG_WARN_EMPTY_BODY = YES;
				CLANG_WARN_ENUM_CONVERSION = YES;
				CLANG_WARN_INFINITE_RECURSION = YES;
				CLANG_WARN_INT_CONVERSION = YES;
				CLANG_WARN_NON_LITERAL_NULL_CONVERSION = YES;
				CLANG_WARN_OBJC_IMPLICIT_RETAIN_SELF = YES;
				CLANG_WARN_OBJC_LITERAL_CONVERSION = YES;
				CLANG_WARN_OBJC_ROOT_CLASS = YES_ERROR;
				CLANG_WARN_QUOTED_INCLUDE_IN_FRAMEWORK_HEADER = YES;
				CLANG_WARN_RANGE_LOOP_ANALYSIS = YES;
				CLANG_WARN_STRICT_PROTOTYPES = YES;
				CLANG_WARN_SUSPICIOUS_MOVE = YES;
				CLANG_WARN_UNGUARDED_AVAILABILITY = YES_AGGRESSIVE;
				CLANG_WARN_UNREACHABLE_CODE = YES;
				CLANG_WARN__DUPLICATE_METHOD_MATCH = YES;
				COPY_PHASE_STRIP = NO;
				DEBUG_INFORMATION_FORMAT = "dwarf-with-dsym";
				ENABLE_NS_ASSERTIONS = NO;
				ENABLE_STRICT_OBJC_MSGSEND = YES;
				GCC_C_LANGUAGE_STANDARD = gnu11;
				GCC_NO_COMMON_BLOCKS = YES;
				GCC_WARN_64_TO_32_BIT_CONVERSION = YES;
				GCC_WARN_ABOUT_RETURN_TYPE = YES_ERROR;
				GCC_WARN_UNDECLARED_SELECTOR = YES;
				GCC_WARN_UNINITIALIZED_AUTOS = YES_AGGRESSIVE;
				GCC_WARN_UNUSED_FUNCTION = YES;
				GCC_WARN_UNUSED_VARIABLE = YES;
				IPHONEOS_DEPLOYMENT_TARGET = 15.2;
				MTL_ENABLE_DEBUG_INFO = NO;
				MTL_FAST_MATH = YES;
				SDKROOT = iphoneos;
				SWIFT_COMPILATION_MODE = wholemodule;
				SWIFT_OPTIMIZATION_LEVEL = "-O";
				VALIDATE_PRODUCT = YES;
			};
			name = Release;
		};
		9BE470B127C3C37500E3C4B4 /* Debug */ = {
			isa = XCBuildConfiguration;
			baseConfigurationReference = CBCD21A86E3101084AEE0113 /* Pods-Hurry.debug.xcconfig */;
			buildSettings = {
				ASSETCATALOG_COMPILER_APPICON_NAME = AppIcon;
				ASSETCATALOG_COMPILER_GLOBAL_ACCENT_COLOR_NAME = AccentColor;
				CODE_SIGN_STYLE = Automatic;
				CURRENT_PROJECT_VERSION = 1;
				DEVELOPMENT_TEAM = 57CMV9FCQ8;
				GENERATE_INFOPLIST_FILE = YES;
				INFOPLIST_FILE = Hurry/Info.plist;
				INFOPLIST_KEY_UIApplicationSupportsIndirectInputEvents = YES;
				INFOPLIST_KEY_UILaunchStoryboardName = LaunchScreen;
				INFOPLIST_KEY_UISupportedInterfaceOrientations = UIInterfaceOrientationPortrait;
				INFOPLIST_KEY_UISupportedInterfaceOrientations_iPad = "UIInterfaceOrientationPortrait UIInterfaceOrientationPortraitUpsideDown UIInterfaceOrientationLandscapeLeft UIInterfaceOrientationLandscapeRight";
				INFOPLIST_KEY_UISupportedInterfaceOrientations_iPhone = UIInterfaceOrientationPortrait;
				IPHONEOS_DEPLOYMENT_TARGET = 13.0;
				LD_RUNPATH_SEARCH_PATHS = (
					"$(inherited)",
					"@executable_path/Frameworks",
				);
				MARKETING_VERSION = 1.0;
				PRODUCT_BUNDLE_IDENTIFIER = "iOS-mutanntix.Hurry";
				PRODUCT_NAME = "$(TARGET_NAME)";
				SWIFT_EMIT_LOC_STRINGS = YES;
				SWIFT_VERSION = 5.0;
				TARGETED_DEVICE_FAMILY = 1;
			};
			name = Debug;
		};
		9BE470B227C3C37500E3C4B4 /* Release */ = {
			isa = XCBuildConfiguration;
			baseConfigurationReference = 6054FF564772786B2E61F654 /* Pods-Hurry.release.xcconfig */;
			buildSettings = {
				ASSETCATALOG_COMPILER_APPICON_NAME = AppIcon;
				ASSETCATALOG_COMPILER_GLOBAL_ACCENT_COLOR_NAME = AccentColor;
				CODE_SIGN_STYLE = Automatic;
				CURRENT_PROJECT_VERSION = 1;
				DEVELOPMENT_TEAM = 57CMV9FCQ8;
				GENERATE_INFOPLIST_FILE = YES;
				INFOPLIST_FILE = Hurry/Info.plist;
				INFOPLIST_KEY_UIApplicationSupportsIndirectInputEvents = YES;
				INFOPLIST_KEY_UILaunchStoryboardName = LaunchScreen;
				INFOPLIST_KEY_UISupportedInterfaceOrientations = UIInterfaceOrientationPortrait;
				INFOPLIST_KEY_UISupportedInterfaceOrientations_iPad = "UIInterfaceOrientationPortrait UIInterfaceOrientationPortraitUpsideDown UIInterfaceOrientationLandscapeLeft UIInterfaceOrientationLandscapeRight";
				INFOPLIST_KEY_UISupportedInterfaceOrientations_iPhone = UIInterfaceOrientationPortrait;
				IPHONEOS_DEPLOYMENT_TARGET = 13.0;
				LD_RUNPATH_SEARCH_PATHS = (
					"$(inherited)",
					"@executable_path/Frameworks",
				);
				MARKETING_VERSION = 1.0;
				PRODUCT_BUNDLE_IDENTIFIER = "iOS-mutanntix.Hurry";
				PRODUCT_NAME = "$(TARGET_NAME)";
				SWIFT_EMIT_LOC_STRINGS = YES;
				SWIFT_VERSION = 5.0;
				TARGETED_DEVICE_FAMILY = 1;
			};
			name = Release;
		};
/* End XCBuildConfiguration section */

/* Begin XCConfigurationList section */
		9BE4709427C3C37300E3C4B4 /* Build configuration list for PBXProject "Hurry" */ = {
			isa = XCConfigurationList;
			buildConfigurations = (
				9BE470AE27C3C37500E3C4B4 /* Debug */,
				9BE470AF27C3C37500E3C4B4 /* Release */,
			);
			defaultConfigurationIsVisible = 0;
			defaultConfigurationName = Release;
		};
		9BE470B027C3C37500E3C4B4 /* Build configuration list for PBXNativeTarget "Hurry" */ = {
			isa = XCConfigurationList;
			buildConfigurations = (
				9BE470B127C3C37500E3C4B4 /* Debug */,
				9BE470B227C3C37500E3C4B4 /* Release */,
			);
			defaultConfigurationIsVisible = 0;
			defaultConfigurationName = Release;
		};
/* End XCConfigurationList section */

/* Begin XCVersionGroup section */
		9BE470A527C3C37300E3C4B4 /* Hurry.xcdatamodeld */ = {
			isa = XCVersionGroup;
			children = (
				9BE470A627C3C37300E3C4B4 /* Hurry.xcdatamodel */,
			);
			currentVersion = 9BE470A627C3C37300E3C4B4 /* Hurry.xcdatamodel */;
			path = Hurry.xcdatamodeld;
			sourceTree = "<group>";
			versionGroupType = wrapper.xcdatamodel;
		};
/* End XCVersionGroup section */
	};
	rootObject = 9BE4709127C3C37300E3C4B4 /* Project object */;
}
